
Microsoft Visual Studio Solution File, Format Version 12.00
# Visual Studio 15
VisualStudioVersion = 15.0.28307.421
MinimumVisualStudioVersion = 10.0.40219.1
Project("{FAE04EC0-301F-11D3-BF4B-00C04F79EFBC}") = "lab5", "lab5\lab5.csproj", "{357761E5-9D1A-41AE-BF62-D4A0943EDCFA}"
EndProject
Global
	GlobalSection(SolutionConfigurationPlatforms) = preSolution
		Debug|Any CPU = Debug|Any CPU
		Release|Any CPU = Release|Any CPU
	EndGlobalSection
	GlobalSection(ProjectConfigurationPlatforms) = postSolution
		{357761E5-9D1A-41AE-BF62-D4A0943EDCFA}.Debug|Any CPU.ActiveCfg = Debug|Any CPU
		{357761E5-9D1A-41AE-BF62-D4A0943EDCFA}.Debug|Any CPU.Build.0 = Debug|Any CPU
		{357761E5-9D1A-41AE-BF62-D4A0943EDCFA}.Release|Any CPU.ActiveCfg = Release|Any CPU
		{357761E5-9D1A-41AE-BF62-D4A0943EDCFA}.Release|Any CPU.Build.0 = Release|Any CPU
	EndGlobalSection
	GlobalSection(SolutionProperties) = preSolution
		HideSolutionNode = FALSE
	EndGlobalSection
	GlobalSection(ExtensibilityGlobals) = postSolution
		SolutionGuid = {1AA441D7-BEBE-4DD3-83D1-586D1A900BCE}
	EndGlobalSection
EndGlobal
